
Microsoft Visual Studio Solution File, Format Version 12.00
# Visual Studio Version 16
VisualStudioVersion = 16.0.30002.166
MinimumVisualStudioVersion = 10.0.40219.1
Project("{2150E333-8FDC-42A3-9474-1A3956D46DE8}") = "01-Core", "01-Core", "{3E3EB6E5-810E-4B60-8A18-2D7C546B2DDD}"
EndProject
Project("{9A19103F-16F7-4668-BE54-9A1E7A4F7556}") = "Atlass.Framework.Common", "..\Atlass.Framework.Common\Atlass.Framework.Common.csproj", "{546D4EF2-2992-436E-BBED-B98F8696A5EF}"
EndProject
Project("{2150E333-8FDC-42A3-9474-1A3956D46DE8}") = "02-Domain", "02-Domain", "{DE280BBC-6545-4042-BC24-4FA6289BCE90}"
EndProject
Project("{9A19103F-16F7-4668-BE54-9A1E7A4F7556}") = "Atlass.Framework.Models", "..\Atlass.Framework.Models\Atlass.Framework.Models.csproj", "{5FC65B20-5F58-47EA-A24D-E323EFC3D750}"
EndProject
Project("{9A19103F-16F7-4668-BE54-9A1E7A4F7556}") = "Atlass.Framework.ViewModels", "..\Atlass.Framework.ViewModels\Atlass.Framework.ViewModels.csproj", "{20E26F09-DB18-47D7-A67E-4659A3EFEA55}"
EndProject
Project("{2150E333-8FDC-42A3-9474-1A3956D46DE8}") = "03-AppService", "03-AppService", "{333F7FBC-8B3C-4A15-8619-0032A5D1FA72}"
EndProject
Project("{9A19103F-16F7-4668-BE54-9A1E7A4F7556}") = "Atlass.Framework.AppService", "..\Atlass.Framework.AppService\Atlass.Framework.AppService.csproj", "{50139338-A9B1-42D6-B1D1-BAE3124BE6BD}"
EndProject
Project("{2150E333-8FDC-42A3-9474-1A3956D46DE8}") = "04-Framework", "04-Framework", "{906AC258-D21A-4CA7-894F-48025453B92E}"
EndProject
Project("{9A19103F-16F7-4668-BE54-9A1E7A4F7556}") = "Atlass.Framework.Web", "Atlass.Framework.Web.csproj", "{C10ADF90-9FE6-4A7B-A700-9B6BC14D6BFA}"
EndProject
Project("{9A19103F-16F7-4668-BE54-9A1E7A4F7556}") = "Atlass.Framework.Core", "..\Atlass.Framework.Core\Atlass.Framework.Core.csproj", "{941B3C75-D9B7-4D39-B97B-CC55577915D3}"
EndProject
Project("{9A19103F-16F7-4668-BE54-9A1E7A4F7556}") = "Atlass.Framework.Jobs", "..\Atlass.Framework.Jobs\Atlass.Framework.Jobs.csproj", "{F5C1A400-10B1-4645-8BF6-BD604A8FC78D}"
EndProject
Project("{9A19103F-16F7-4668-BE54-9A1E7A4F7556}") = "Atlass.Framework.Cache", "..\Atlass.Framework.Cache\Atlass.Framework.Cache.csproj", "{3D4B5F96-7CA7-4F8F-9393-CE2DBFFFE269}"
EndProject
Project("{FAE04EC0-301F-11D3-BF4B-00C04F79EFBC}") = "Test", "..\Test\Test.csproj", "{72163E54-5634-44D3-B9C4-83EDE6AB5959}"
EndProject
Project("{9A19103F-16F7-4668-BE54-9A1E7A4F7556}") = "Atlass.Framework.DbContext", "..\Atlass.Framework.DbContext\Atlass.Framework.DbContext.csproj", "{F01EB843-3EC6-47B2-AA8C-AF619EE7487C}"
EndProject
Project("{2150E333-8FDC-42A3-9474-1A3956D46DE8}") = "05-Test", "05-Test", "{F262C2A8-6EBC-4998-8321-DC09840B6D0E}"
EndProject
Project("{FAE04EC0-301F-11D3-BF4B-00C04F79EFBC}") = "TestJob", "..\TestJob\TestJob.csproj", "{F57BEBA5-B4BC-40F0-9488-7B3B56A25ED9}"
EndProject
Project("{9A19103F-16F7-4668-BE54-9A1E7A4F7556}") = "Atlass.Framework.Generate", "..\Atlass.Framework.Generate\Atlass.Framework.Generate.csproj", "{7D38996A-480F-4369-A4A4-CA99F0D58173}"
EndProject
Project("{9A19103F-16F7-4668-BE54-9A1E7A4F7556}") = "VTemplate.Engine", "..\VTemplate.Engine.Core\VTemplate.Engine.csproj", "{FE2B0A8E-7518-4437-8785-3BE923D4CA5E}"
EndProject
Project("{9A19103F-16F7-4668-BE54-9A1E7A4F7556}") = "Atlass.Framework.Enum", "..\Atlass.Framework.Enum\Atlass.Framework.Enum.csproj", "{2A86CFAF-99B2-426F-BA3A-B1D20F6D942B}"
EndProject
Global
	GlobalSection(SolutionConfigurationPlatforms) = preSolution
		Debug|Any CPU = Debug|Any CPU
		Release|Any CPU = Release|Any CPU
	EndGlobalSection
	GlobalSection(ProjectConfigurationPlatforms) = postSolution
		{546D4EF2-2992-436E-BBED-B98F8696A5EF}.Debug|Any CPU.ActiveCfg = Debug|Any CPU
		{546D4EF2-2992-436E-BBED-B98F8696A5EF}.Debug|Any CPU.Build.0 = Debug|Any CPU
		{546D4EF2-2992-436E-BBED-B98F8696A5EF}.Release|Any CPU.ActiveCfg = Release|Any CPU
		{546D4EF2-2992-436E-BBED-B98F8696A5EF}.Release|Any CPU.Build.0 = Release|Any CPU
		{5FC65B20-5F58-47EA-A24D-E323EFC3D750}.Debug|Any CPU.ActiveCfg = Debug|Any CPU
		{5FC65B20-5F58-47EA-A24D-E323EFC3D750}.Debug|Any CPU.Build.0 = Debug|Any CPU
		{5FC65B20-5F58-47EA-A24D-E323EFC3D750}.Release|Any CPU.ActiveCfg = Release|Any CPU
		{5FC65B20-5F58-47EA-A24D-E323EFC3D750}.Release|Any CPU.Build.0 = Release|Any CPU
		{20E26F09-DB18-47D7-A67E-4659A3EFEA55}.Debug|Any CPU.ActiveCfg = Debug|Any CPU
		{20E26F09-DB18-47D7-A67E-4659A3EFEA55}.Debug|Any CPU.Build.0 = Debug|Any CPU
		{20E26F09-DB18-47D7-A67E-4659A3EFEA55}.Release|Any CPU.ActiveCfg = Release|Any CPU
		{20E26F09-DB18-47D7-A67E-4659A3EFEA55}.Release|Any CPU.Build.0 = Release|Any CPU
		{50139338-A9B1-42D6-B1D1-BAE3124BE6BD}.Debug|Any CPU.ActiveCfg = Debug|Any CPU
		{50139338-A9B1-42D6-B1D1-BAE3124BE6BD}.Debug|Any CPU.Build.0 = Debug|Any CPU
		{50139338-A9B1-42D6-B1D1-BAE3124BE6BD}.Release|Any CPU.ActiveCfg = Release|Any CPU
		{50139338-A9B1-42D6-B1D1-BAE3124BE6BD}.Release|Any CPU.Build.0 = Release|Any CPU
		{C10ADF90-9FE6-4A7B-A700-9B6BC14D6BFA}.Debug|Any CPU.ActiveCfg = Debug|Any CPU
		{C10ADF90-9FE6-4A7B-A700-9B6BC14D6BFA}.Debug|Any CPU.Build.0 = Debug|Any CPU
		{C10ADF90-9FE6-4A7B-A700-9B6BC14D6BFA}.Release|Any CPU.ActiveCfg = Release|Any CPU
		{C10ADF90-9FE6-4A7B-A700-9B6BC14D6BFA}.Release|Any CPU.Build.0 = Release|Any CPU
		{941B3C75-D9B7-4D39-B97B-CC55577915D3}.Debug|Any CPU.ActiveCfg = Debug|Any CPU
		{941B3C75-D9B7-4D39-B97B-CC55577915D3}.Debug|Any CPU.Build.0 = Debug|Any CPU
		{941B3C75-D9B7-4D39-B97B-CC55577915D3}.Release|Any CPU.ActiveCfg = Release|Any CPU
		{941B3C75-D9B7-4D39-B97B-CC55577915D3}.Release|Any CPU.Build.0 = Release|Any CPU
		{F5C1A400-10B1-4645-8BF6-BD604A8FC78D}.Debug|Any CPU.ActiveCfg = Debug|Any CPU
		{F5C1A400-10B1-4645-8BF6-BD604A8FC78D}.Debug|Any CPU.Build.0 = Debug|Any CPU
		{F5C1A400-10B1-4645-8BF6-BD604A8FC78D}.Release|Any CPU.ActiveCfg = Release|Any CPU
		{F5C1A400-10B1-4645-8BF6-BD604A8FC78D}.Release|Any CPU.Build.0 = Release|Any CPU
		{3D4B5F96-7CA7-4F8F-9393-CE2DBFFFE269}.Debug|Any CPU.ActiveCfg = Debug|Any CPU
		{3D4B5F96-7CA7-4F8F-9393-CE2DBFFFE269}.Debug|Any CPU.Build.0 = Debug|Any CPU
		{3D4B5F96-7CA7-4F8F-9393-CE2DBFFFE269}.Release|Any CPU.ActiveCfg = Release|Any CPU
		{3D4B5F96-7CA7-4F8F-9393-CE2DBFFFE269}.Release|Any CPU.Build.0 = Release|Any CPU
		{72163E54-5634-44D3-B9C4-83EDE6AB5959}.Debug|Any CPU.ActiveCfg = Debug|Any CPU
		{72163E54-5634-44D3-B9C4-83EDE6AB5959}.Debug|Any CPU.Build.0 = Debug|Any CPU
		{72163E54-5634-44D3-B9C4-83EDE6AB5959}.Release|Any CPU.ActiveCfg = Release|Any CPU
		{72163E54-5634-44D3-B9C4-83EDE6AB5959}.Release|Any CPU.Build.0 = Release|Any CPU
		{F01EB843-3EC6-47B2-AA8C-AF619EE7487C}.Debug|Any CPU.ActiveCfg = Debug|Any CPU
		{F01EB843-3EC6-47B2-AA8C-AF619EE7487C}.Debug|Any CPU.Build.0 = Debug|Any CPU
		{F01EB843-3EC6-47B2-AA8C-AF619EE7487C}.Release|Any CPU.ActiveCfg = Release|Any CPU
		{F01EB843-3EC6-47B2-AA8C-AF619EE7487C}.Release|Any CPU.Build.0 = Release|Any CPU
		{F57BEBA5-B4BC-40F0-9488-7B3B56A25ED9}.Debug|Any CPU.ActiveCfg = Debug|Any CPU
		{F57BEBA5-B4BC-40F0-9488-7B3B56A25ED9}.Debug|Any CPU.Build.0 = Debug|Any CPU
		{F57BEBA5-B4BC-40F0-9488-7B3B56A25ED9}.Release|Any CPU.ActiveCfg = Release|Any CPU
		{F57BEBA5-B4BC-40F0-9488-7B3B56A25ED9}.Release|Any CPU.Build.0 = Release|Any CPU
		{7D38996A-480F-4369-A4A4-CA99F0D58173}.Debug|Any CPU.ActiveCfg = Debug|Any CPU
		{7D38996A-480F-4369-A4A4-CA99F0D58173}.Debug|Any CPU.Build.0 = Debug|Any CPU
		{7D38996A-480F-4369-A4A4-CA99F0D58173}.Release|Any CPU.ActiveCfg = Release|Any CPU
		{7D38996A-480F-4369-A4A4-CA99F0D58173}.Release|Any CPU.Build.0 = Release|Any CPU
		{FE2B0A8E-7518-4437-8785-3BE923D4CA5E}.Debug|Any CPU.ActiveCfg = Debug|Any CPU
		{FE2B0A8E-7518-4437-8785-3BE923D4CA5E}.Debug|Any CPU.Build.0 = Debug|Any CPU
		{FE2B0A8E-7518-4437-8785-3BE923D4CA5E}.Release|Any CPU.ActiveCfg = Release|Any CPU
		{FE2B0A8E-7518-4437-8785-3BE923D4CA5E}.Release|Any CPU.Build.0 = Release|Any CPU
		{2A86CFAF-99B2-426F-BA3A-B1D20F6D942B}.Debug|Any CPU.ActiveCfg = Debug|Any CPU
		{2A86CFAF-99B2-426F-BA3A-B1D20F6D942B}.Debug|Any CPU.Build.0 = Debug|Any CPU
		{2A86CFAF-99B2-426F-BA3A-B1D20F6D942B}.Release|Any CPU.ActiveCfg = Release|Any CPU
		{2A86CFAF-99B2-426F-BA3A-B1D20F6D942B}.Release|Any CPU.Build.0 = Release|Any CPU
	EndGlobalSection
	GlobalSection(SolutionProperties) = preSolution
		HideSolutionNode = FALSE
	EndGlobalSection
	GlobalSection(NestedProjects) = preSolution
		{546D4EF2-2992-436E-BBED-B98F8696A5EF} = {3E3EB6E5-810E-4B60-8A18-2D7C546B2DDD}
		{5FC65B20-5F58-47EA-A24D-E323EFC3D750} = {DE280BBC-6545-4042-BC24-4FA6289BCE90}
		{20E26F09-DB18-47D7-A67E-4659A3EFEA55} = {DE280BBC-6545-4042-BC24-4FA6289BCE90}
		{50139338-A9B1-42D6-B1D1-BAE3124BE6BD} = {333F7FBC-8B3C-4A15-8619-0032A5D1FA72}
		{C10ADF90-9FE6-4A7B-A700-9B6BC14D6BFA} = {906AC258-D21A-4CA7-894F-48025453B92E}
		{941B3C75-D9B7-4D39-B97B-CC55577915D3} = {906AC258-D21A-4CA7-894F-48025453B92E}
		{F5C1A400-10B1-4645-8BF6-BD604A8FC78D} = {333F7FBC-8B3C-4A15-8619-0032A5D1FA72}
		{3D4B5F96-7CA7-4F8F-9393-CE2DBFFFE269} = {333F7FBC-8B3C-4A15-8619-0032A5D1FA72}
		{72163E54-5634-44D3-B9C4-83EDE6AB5959} = {F262C2A8-6EBC-4998-8321-DC09840B6D0E}
		{F01EB843-3EC6-47B2-AA8C-AF619EE7487C} = {333F7FBC-8B3C-4A15-8619-0032A5D1FA72}
		{F57BEBA5-B4BC-40F0-9488-7B3B56A25ED9} = {F262C2A8-6EBC-4998-8321-DC09840B6D0E}
		{7D38996A-480F-4369-A4A4-CA99F0D58173} = {906AC258-D21A-4CA7-894F-48025453B92E}
		{FE2B0A8E-7518-4437-8785-3BE923D4CA5E} = {3E3EB6E5-810E-4B60-8A18-2D7C546B2DDD}
		{2A86CFAF-99B2-426F-BA3A-B1D20F6D942B} = {333F7FBC-8B3C-4A15-8619-0032A5D1FA72}
	EndGlobalSection
	GlobalSection(ExtensibilityGlobals) = postSolution
		SolutionGuid = {BD4ABA64-4EA0-4FB6-852B-E43F0C93DBA4}
	EndGlobalSection
EndGlobal
